
Microsoft Visual Studio Solution File, Format Version 12.00
# Visual Studio Version 17
VisualStudioVersion = 17.13.35825.156
MinimumVisualStudioVersion = 10.0.40219.1
Project("{FAE04EC0-301F-11D3-BF4B-00C04F79EFBC}") = "SQLServerUI", "SQLServerUI\SQLServerUI.csproj", "{D248A46A-22F0-487A-B05F-36389F70A178}"
EndProject
Project("{FAE04EC0-301F-11D3-BF4B-00C04F79EFBC}") = "DataAccessLibrary", "DataAccessLibrary\DataAccessLibrary.csproj", "{359CCE9E-AC0F-49BD-B042-9DD1D90F416A}"
EndProject
Project("{00D1A9C2-B5F0-4AF3-8072-F6C62B433612}") = "SQLContactsDB", "SQLContactsDB\SQLContactsDB.sqlproj", "{185BF340-90D8-4944-8E17-B00713213273}"
EndProject
Project("{FAE04EC0-301F-11D3-BF4B-00C04F79EFBC}") = "SqliteUI", "SqliteUI\SqliteUI.csproj", "{8A343CC8-E70F-417D-A80A-45623A0603EC}"
EndProject
Global
	GlobalSection(SolutionConfigurationPlatforms) = preSolution
		Debug|Any CPU = Debug|Any CPU
		Release|Any CPU = Release|Any CPU
	EndGlobalSection
	GlobalSection(ProjectConfigurationPlatforms) = postSolution
		{D248A46A-22F0-487A-B05F-36389F70A178}.Debug|Any CPU.ActiveCfg = Debug|Any CPU
		{D248A46A-22F0-487A-B05F-36389F70A178}.Debug|Any CPU.Build.0 = Debug|Any CPU
		{D248A46A-22F0-487A-B05F-36389F70A178}.Release|Any CPU.ActiveCfg = Release|Any CPU
		{D248A46A-22F0-487A-B05F-36389F70A178}.Release|Any CPU.Build.0 = Release|Any CPU
		{359CCE9E-AC0F-49BD-B042-9DD1D90F416A}.Debug|Any CPU.ActiveCfg = Debug|Any CPU
		{359CCE9E-AC0F-49BD-B042-9DD1D90F416A}.Debug|Any CPU.Build.0 = Debug|Any CPU
		{359CCE9E-AC0F-49BD-B042-9DD1D90F416A}.Release|Any CPU.ActiveCfg = Release|Any CPU
		{359CCE9E-AC0F-49BD-B042-9DD1D90F416A}.Release|Any CPU.Build.0 = Release|Any CPU
		{185BF340-90D8-4944-8E17-B00713213273}.Debug|Any CPU.ActiveCfg = Debug|Any CPU
		{185BF340-90D8-4944-8E17-B00713213273}.Debug|Any CPU.Build.0 = Debug|Any CPU
		{185BF340-90D8-4944-8E17-B00713213273}.Debug|Any CPU.Deploy.0 = Debug|Any CPU
		{185BF340-90D8-4944-8E17-B00713213273}.Release|Any CPU.ActiveCfg = Release|Any CPU
		{185BF340-90D8-4944-8E17-B00713213273}.Release|Any CPU.Build.0 = Release|Any CPU
		{185BF340-90D8-4944-8E17-B00713213273}.Release|Any CPU.Deploy.0 = Release|Any CPU
		{8A343CC8-E70F-417D-A80A-45623A0603EC}.Debug|Any CPU.ActiveCfg = Debug|Any CPU
		{8A343CC8-E70F-417D-A80A-45623A0603EC}.Debug|Any CPU.Build.0 = Debug|Any CPU
		{8A343CC8-E70F-417D-A80A-45623A0603EC}.Release|Any CPU.ActiveCfg = Release|Any CPU
		{8A343CC8-E70F-417D-A80A-45623A0603EC}.Release|Any CPU.Build.0 = Release|Any CPU
	EndGlobalSection
	GlobalSection(SolutionProperties) = preSolution
		HideSolutionNode = FALSE
	EndGlobalSection
	GlobalSection(ExtensibilityGlobals) = postSolution
		SolutionGuid = {4DF04681-378D-4123-AC7A-5ABB6E90FD5C}
	EndGlobalSection
EndGlobal
